
Microsoft Visual Studio Solution File, Format Version 12.00
# Visual Studio Version 17
VisualStudioVersion = 17.8.34601.278
MinimumVisualStudioVersion = 10.0.40219.1
Project("{9A19103F-16F7-4668-BE54-9A1E7A4F7556}") = "RallyBuilder", "RallyBuilder\RallyBuilder.csproj", "{45E7B686-6D34-468C-99D6-BF8F1DB40B43}"
EndProject
Project("{9A19103F-16F7-4668-BE54-9A1E7A4F7556}") = "RallyBuilder.Models", "RallyBuilder.Models\RallyBuilder.Models.csproj", "{7D0C85A3-57E6-4635-BD24-91E69C8196CE}"
EndProject
Project("{9A19103F-16F7-4668-BE54-9A1E7A4F7556}") = "RallyBuilder.DataAccess", "RallyBuilder.DataAccess\RallyBuilder.DataAccess.csproj", "{0EA59B42-7EEE-491F-812E-B6275E02045B}"
EndProject
Project("{9A19103F-16F7-4668-BE54-9A1E7A4F7556}") = "RallyBuilder.Services", "RallyBuilder.Services\RallyBuilder.Services.csproj", "{EDBA4A8F-B3DC-43D2-A964-07797186CDD2}"
EndProject
Global
	GlobalSection(SolutionConfigurationPlatforms) = preSolution
		Debug|Any CPU = Debug|Any CPU
		Release|Any CPU = Release|Any CPU
	EndGlobalSection
	GlobalSection(ProjectConfigurationPlatforms) = postSolution
		{45E7B686-6D34-468C-99D6-BF8F1DB40B43}.Debug|Any CPU.ActiveCfg = Debug|Any CPU
		{45E7B686-6D34-468C-99D6-BF8F1DB40B43}.Debug|Any CPU.Build.0 = Debug|Any CPU
		{45E7B686-6D34-468C-99D6-BF8F1DB40B43}.Release|Any CPU.ActiveCfg = Release|Any CPU
		{45E7B686-6D34-468C-99D6-BF8F1DB40B43}.Release|Any CPU.Build.0 = Release|Any CPU
		{7D0C85A3-57E6-4635-BD24-91E69C8196CE}.Debug|Any CPU.ActiveCfg = Debug|Any CPU
		{7D0C85A3-57E6-4635-BD24-91E69C8196CE}.Debug|Any CPU.Build.0 = Debug|Any CPU
		{7D0C85A3-57E6-4635-BD24-91E69C8196CE}.Release|Any CPU.ActiveCfg = Release|Any CPU
		{7D0C85A3-57E6-4635-BD24-91E69C8196CE}.Release|Any CPU.Build.0 = Release|Any CPU
		{0EA59B42-7EEE-491F-812E-B6275E02045B}.Debug|Any CPU.ActiveCfg = Debug|Any CPU
		{0EA59B42-7EEE-491F-812E-B6275E02045B}.Debug|Any CPU.Build.0 = Debug|Any CPU
		{0EA59B42-7EEE-491F-812E-B6275E02045B}.Release|Any CPU.ActiveCfg = Release|Any CPU
		{0EA59B42-7EEE-491F-812E-B6275E02045B}.Release|Any CPU.Build.0 = Release|Any CPU
		{EDBA4A8F-B3DC-43D2-A964-07797186CDD2}.Debug|Any CPU.ActiveCfg = Debug|Any CPU
		{EDBA4A8F-B3DC-43D2-A964-07797186CDD2}.Debug|Any CPU.Build.0 = Debug|Any CPU
		{EDBA4A8F-B3DC-43D2-A964-07797186CDD2}.Release|Any CPU.ActiveCfg = Release|Any CPU
		{EDBA4A8F-B3DC-43D2-A964-07797186CDD2}.Release|Any CPU.Build.0 = Release|Any CPU
	EndGlobalSection
	GlobalSection(SolutionProperties) = preSolution
		HideSolutionNode = FALSE
	EndGlobalSection
	GlobalSection(ExtensibilityGlobals) = postSolution
		SolutionGuid = {E64196BC-128B-42ED-B802-4E19E4D0BB8C}
	EndGlobalSection
EndGlobal
